
Microsoft Visual Studio Solution File, Format Version 12.00
# Visual Studio Version 16
VisualStudioVersion = 16.0.31624.102
MinimumVisualStudioVersion = 10.0.40219.1
Project("{9A19103F-16F7-4668-BE54-9A1E7A4F7556}") = "ExcelToCsvConverter.Core", "ExcelToCsvConverter.Core\ExcelToCsvConverter.Core.csproj", "{BB14D3FF-43D8-43D7-AF74-B143F7F84491}"
EndProject
Project("{9A19103F-16F7-4668-BE54-9A1E7A4F7556}") = "ExcelToCsvConverter.Console", "ExcelToCsvConverter.Console\ExcelToCsvConverter.Console.csproj", "{F0529386-4531-4056-BC97-F0E3FE24D1E5}"
EndProject
Project("{FAE04EC0-301F-11D3-BF4B-00C04F79EFBC}") = "ExcelToCsvConverter.WPF", "ExcelToCsvConverter.WPF\ExcelToCsvConverter.WPF.csproj", "{A9B89A89-4161-402D-AF5B-DB4BABF06131}"
EndProject
Global
	GlobalSection(SolutionConfigurationPlatforms) = preSolution
		Debug|Any CPU = Debug|Any CPU
		Release|Any CPU = Release|Any CPU
	EndGlobalSection
	GlobalSection(ProjectConfigurationPlatforms) = postSolution
		{BB14D3FF-43D8-43D7-AF74-B143F7F84491}.Debug|Any CPU.ActiveCfg = Debug|Any CPU
		{BB14D3FF-43D8-43D7-AF74-B143F7F84491}.Debug|Any CPU.Build.0 = Debug|Any CPU
		{BB14D3FF-43D8-43D7-AF74-B143F7F84491}.Release|Any CPU.ActiveCfg = Release|Any CPU
		{BB14D3FF-43D8-43D7-AF74-B143F7F84491}.Release|Any CPU.Build.0 = Release|Any CPU
		{F0529386-4531-4056-BC97-F0E3FE24D1E5}.Debug|Any CPU.ActiveCfg = Debug|Any CPU
		{F0529386-4531-4056-BC97-F0E3FE24D1E5}.Debug|Any CPU.Build.0 = Debug|Any CPU
		{F0529386-4531-4056-BC97-F0E3FE24D1E5}.Release|Any CPU.ActiveCfg = Release|Any CPU
		{F0529386-4531-4056-BC97-F0E3FE24D1E5}.Release|Any CPU.Build.0 = Release|Any CPU
		{A9B89A89-4161-402D-AF5B-DB4BABF06131}.Debug|Any CPU.ActiveCfg = Debug|Any CPU
		{A9B89A89-4161-402D-AF5B-DB4BABF06131}.Debug|Any CPU.Build.0 = Debug|Any CPU
		{A9B89A89-4161-402D-AF5B-DB4BABF06131}.Release|Any CPU.ActiveCfg = Release|Any CPU
		{A9B89A89-4161-402D-AF5B-DB4BABF06131}.Release|Any CPU.Build.0 = Release|Any CPU
	EndGlobalSection
	GlobalSection(SolutionProperties) = preSolution
		HideSolutionNode = FALSE
	EndGlobalSection
	GlobalSection(ExtensibilityGlobals) = postSolution
		SolutionGuid = {D6A86984-1809-4849-BCCD-7CF9015267A7}
	EndGlobalSection
EndGlobal
