
Microsoft Visual Studio Solution File, Format Version 12.00
# Visual Studio Version 17
VisualStudioVersion = 17.0.31612.314
MinimumVisualStudioVersion = 10.0.40219.1
Project("{FAE04EC0-301F-11D3-BF4B-00C04F79EFBC}") = "ExcelToCsvConverter.Core", "ExcelToCsvConverter.Core\ExcelToCsvConverter.Core.csproj", "{BB14D3FF-43D8-43D7-AF74-B143F7F84491}"
EndProject
Global
	GlobalSection(SolutionConfigurationPlatforms) = preSolution
		Debug|Any CPU = Debug|Any CPU
		Release|Any CPU = Release|Any CPU
	EndGlobalSection
	GlobalSection(ProjectConfigurationPlatforms) = postSolution
		{BB14D3FF-43D8-43D7-AF74-B143F7F84491}.Debug|Any CPU.ActiveCfg = Debug|Any CPU
		{BB14D3FF-43D8-43D7-AF74-B143F7F84491}.Debug|Any CPU.Build.0 = Debug|Any CPU
		{BB14D3FF-43D8-43D7-AF74-B143F7F84491}.Release|Any CPU.ActiveCfg = Release|Any CPU
		{BB14D3FF-43D8-43D7-AF74-B143F7F84491}.Release|Any CPU.Build.0 = Release|Any CPU
	EndGlobalSection
	GlobalSection(SolutionProperties) = preSolution
		HideSolutionNode = FALSE
	EndGlobalSection
	GlobalSection(ExtensibilityGlobals) = postSolution
		SolutionGuid = {D6A86984-1809-4849-BCCD-7CF9015267A7}
	EndGlobalSection
EndGlobal
